version: 6
environments:
  build:
    channels:
    - url: https://conda.anaconda.org/conda-forge/
    packages:
      win-64:
      - conda: https://conda.anaconda.org/conda-forge/win-64/bzip2-1.0.8-h2466b09_7.conda
      - conda: https://conda.anaconda.org/conda-forge/noarch/ca-certificates-2025.7.9-h4c7d964_0.conda
      - conda: https://conda.anaconda.org/conda-forge/win-64/cairo-1.18.4-h5782bbf_0.conda
      - conda: https://conda.anaconda.org/conda-forge/win-64/cmake-3.31.6-hff78f93_0.conda
      - conda: https://conda.anaconda.org/conda-forge/win-64/cxx-compiler-1.10.0-h1c1089f_0.conda
      - conda: https://conda.anaconda.org/conda-forge/win-64/double-conversion-3.3.1-he0c23c2_0.conda
      - conda: https://conda.anaconda.org/conda-forge/noarch/font-ttf-dejavu-sans-mono-2.37-hab24e00_0.tar.bz2
      - conda: https://conda.anaconda.org/conda-forge/noarch/font-ttf-inconsolata-3.000-h77eed37_0.tar.bz2
      - conda: https://conda.anaconda.org/conda-forge/noarch/font-ttf-source-code-pro-2.038-h77eed37_0.tar.bz2
      - conda: https://conda.anaconda.org/conda-forge/noarch/font-ttf-ubuntu-0.83-h77eed37_3.conda
      - conda: https://conda.anaconda.org/conda-forge/win-64/fontconfig-2.15.0-h765892d_1.conda
      - conda: https://conda.anaconda.org/conda-forge/noarch/fonts-conda-ecosystem-1-0.tar.bz2
      - conda: https://conda.anaconda.org/conda-forge/noarch/fonts-conda-forge-1-0.tar.bz2
      - conda: https://conda.anaconda.org/conda-forge/win-64/freetype-2.13.3-h57928b3_1.conda
      - conda: https://conda.anaconda.org/conda-forge/win-64/graphite2-1.3.14-he0c23c2_0.conda
      - conda: https://conda.anaconda.org/conda-forge/win-64/harfbuzz-11.2.1-h8796e6f_0.conda
      - conda: https://conda.anaconda.org/conda-forge/win-64/icu-75.1-he0c23c2_0.conda
      - conda: https://conda.anaconda.org/conda-forge/win-64/krb5-1.21.3-hdf4eb48_0.conda
      - conda: https://conda.anaconda.org/conda-forge/win-64/lerc-4.0.0-h6470a55_1.conda
      - conda: https://conda.anaconda.org/conda-forge/win-64/libclang13-20.1.8-default_hadf22e1_0.conda
      - conda: https://conda.anaconda.org/conda-forge/win-64/libcurl-8.14.1-h88aaa65_0.conda
      - conda: https://conda.anaconda.org/conda-forge/win-64/libdeflate-1.24-h76ddb4d_0.conda
      - conda: https://conda.anaconda.org/conda-forge/win-64/libexpat-2.7.0-he0c23c2_0.conda
      - conda: https://conda.anaconda.org/conda-forge/win-64/libffi-3.4.6-h537db12_1.conda
      - conda: https://conda.anaconda.org/conda-forge/win-64/libfreetype-2.13.3-h57928b3_1.conda
      - conda: https://conda.anaconda.org/conda-forge/win-64/libfreetype6-2.13.3-h0b5ce68_1.conda
      - conda: https://conda.anaconda.org/conda-forge/win-64/libglib-2.84.2-hbc94333_0.conda
      - conda: https://conda.anaconda.org/conda-forge/win-64/libiconv-1.18-h135ad9c_1.conda
      - conda: https://conda.anaconda.org/conda-forge/win-64/libintl-0.22.5-h5728263_3.conda
      - conda: https://conda.anaconda.org/conda-forge/win-64/libjpeg-turbo-3.1.0-h2466b09_0.conda
      - conda: https://conda.anaconda.org/conda-forge/win-64/liblzma-5.8.1-h2466b09_2.conda
      - conda: https://conda.anaconda.org/conda-forge/win-64/libpng-1.6.50-h95bef1e_0.conda
      - conda: https://conda.anaconda.org/conda-forge/win-64/libsqlite-3.50.2-hf5d6505_2.conda
      - conda: https://conda.anaconda.org/conda-forge/win-64/libssh2-1.11.1-h9aa295b_0.conda
      - conda: https://conda.anaconda.org/conda-forge/win-64/libtiff-4.7.0-h05922d8_5.conda
      - conda: https://conda.anaconda.org/conda-forge/win-64/libuv-1.51.0-h2466b09_0.conda
      - conda: https://conda.anaconda.org/conda-forge/win-64/libwebp-base-1.6.0-h4d5522a_0.conda
      - conda: https://conda.anaconda.org/conda-forge/win-64/libzlib-1.3.1-h2466b09_2.conda
      - conda: https://conda.anaconda.org/conda-forge/win-64/ninja-1.13.1-h477610d_0.conda
      - conda: https://conda.anaconda.org/conda-forge/win-64/openssl-3.5.1-h725018a_0.conda
      - conda: https://conda.anaconda.org/conda-forge/win-64/pcre2-10.45-h99c9b8b_0.conda
      - conda: https://conda.anaconda.org/conda-forge/win-64/pixman-0.46.2-had0cd8c_0.conda
      - conda: https://conda.anaconda.org/conda-forge/win-64/qt6-main-6.9.1-h02ddd7d_1.conda
      - conda: https://conda.anaconda.org/conda-forge/win-64/ucrt-10.0.22621.0-h57928b3_1.conda
      - conda: https://conda.anaconda.org/conda-forge/win-64/vc-14.3-h41ae7f8_26.conda
      - conda: https://conda.anaconda.org/conda-forge/win-64/vc14_runtime-14.44.35208-h818238b_26.conda
      - conda: https://conda.anaconda.org/conda-forge/win-64/vs2022_win-64-19.44.35207-ha74f236_26.conda
      - conda: https://conda.anaconda.org/conda-forge/noarch/vswhere-3.1.7-h40126e0_1.conda
      - conda: https://conda.anaconda.org/conda-forge/win-64/zstd-1.5.7-hbeecb71_2.conda
  default:
    channels:
    - url: https://conda.anaconda.org/conda-forge/
    packages:
      win-64:
      - conda: https://conda.anaconda.org/conda-forge/win-64/bzip2-1.0.8-h2466b09_7.conda
      - conda: https://conda.anaconda.org/conda-forge/noarch/ca-certificates-2025.7.9-h4c7d964_0.conda
      - conda: https://conda.anaconda.org/conda-forge/win-64/cairo-1.18.4-h5782bbf_0.conda
      - conda: https://conda.anaconda.org/conda-forge/win-64/cmake-3.31.6-hff78f93_0.conda
      - conda: https://conda.anaconda.org/conda-forge/win-64/double-conversion-3.3.1-he0c23c2_0.conda
      - conda: https://conda.anaconda.org/conda-forge/noarch/font-ttf-dejavu-sans-mono-2.37-hab24e00_0.tar.bz2
      - conda: https://conda.anaconda.org/conda-forge/noarch/font-ttf-inconsolata-3.000-h77eed37_0.tar.bz2
      - conda: https://conda.anaconda.org/conda-forge/noarch/font-ttf-source-code-pro-2.038-h77eed37_0.tar.bz2
      - conda: https://conda.anaconda.org/conda-forge/noarch/font-ttf-ubuntu-0.83-h77eed37_3.conda
      - conda: https://conda.anaconda.org/conda-forge/win-64/fontconfig-2.15.0-h765892d_1.conda
      - conda: https://conda.anaconda.org/conda-forge/noarch/fonts-conda-ecosystem-1-0.tar.bz2
      - conda: https://conda.anaconda.org/conda-forge/noarch/fonts-conda-forge-1-0.tar.bz2
      - conda: https://conda.anaconda.org/conda-forge/win-64/freetype-2.13.3-h57928b3_1.conda
      - conda: https://conda.anaconda.org/conda-forge/win-64/graphite2-1.3.14-he0c23c2_0.conda
      - conda: https://conda.anaconda.org/conda-forge/win-64/harfbuzz-11.2.1-h8796e6f_0.conda
      - conda: https://conda.anaconda.org/conda-forge/win-64/icu-75.1-he0c23c2_0.conda
      - conda: https://conda.anaconda.org/conda-forge/win-64/krb5-1.21.3-hdf4eb48_0.conda
      - conda: https://conda.anaconda.org/conda-forge/win-64/lerc-4.0.0-h6470a55_1.conda
      - conda: https://conda.anaconda.org/conda-forge/win-64/libclang13-20.1.8-default_hadf22e1_0.conda
      - conda: https://conda.anaconda.org/conda-forge/win-64/libcurl-8.14.1-h88aaa65_0.conda
      - conda: https://conda.anaconda.org/conda-forge/win-64/libdeflate-1.24-h76ddb4d_0.conda
      - conda: https://conda.anaconda.org/conda-forge/win-64/libexpat-2.7.0-he0c23c2_0.conda
      - conda: https://conda.anaconda.org/conda-forge/win-64/libffi-3.4.6-h537db12_1.conda
      - conda: https://conda.anaconda.org/conda-forge/win-64/libfreetype-2.13.3-h57928b3_1.conda
      - conda: https://conda.anaconda.org/conda-forge/win-64/libfreetype6-2.13.3-h0b5ce68_1.conda
      - conda: https://conda.anaconda.org/conda-forge/win-64/libglib-2.84.2-hbc94333_0.conda
      - conda: https://conda.anaconda.org/conda-forge/win-64/libiconv-1.18-h135ad9c_1.conda
      - conda: https://conda.anaconda.org/conda-forge/win-64/libintl-0.22.5-h5728263_3.conda
      - conda: https://conda.anaconda.org/conda-forge/win-64/libjpeg-turbo-3.1.0-h2466b09_0.conda
      - conda: https://conda.anaconda.org/conda-forge/win-64/liblzma-5.8.1-h2466b09_2.conda
      - conda: https://conda.anaconda.org/conda-forge/win-64/libpng-1.6.50-h95bef1e_0.conda
      - conda: https://conda.anaconda.org/conda-forge/win-64/libsqlite-3.50.2-hf5d6505_2.conda
      - conda: https://conda.anaconda.org/conda-forge/win-64/libssh2-1.11.1-h9aa295b_0.conda
      - conda: https://conda.anaconda.org/conda-forge/win-64/libtiff-4.7.0-h05922d8_5.conda
      - conda: https://conda.anaconda.org/conda-forge/win-64/libuv-1.51.0-h2466b09_0.conda
      - conda: https://conda.anaconda.org/conda-forge/win-64/libwebp-base-1.6.0-h4d5522a_0.conda
      - conda: https://conda.anaconda.org/conda-forge/win-64/libzlib-1.3.1-h2466b09_2.conda
      - conda: https://conda.anaconda.org/conda-forge/win-64/openssl-3.5.1-h725018a_0.conda
      - conda: https://conda.anaconda.org/conda-forge/win-64/pcre2-10.45-h99c9b8b_0.conda
      - conda: https://conda.anaconda.org/conda-forge/win-64/pixman-0.46.2-had0cd8c_0.conda
      - conda: https://conda.anaconda.org/conda-forge/win-64/qt6-main-6.9.1-h02ddd7d_1.conda
      - conda: https://conda.anaconda.org/conda-forge/win-64/ucrt-10.0.22621.0-h57928b3_1.conda
      - conda: https://conda.anaconda.org/conda-forge/win-64/vc-14.3-h41ae7f8_26.conda
      - conda: https://conda.anaconda.org/conda-forge/win-64/vc14_runtime-14.44.35208-h818238b_26.conda
      - conda: https://conda.anaconda.org/conda-forge/win-64/zstd-1.5.7-hbeecb71_2.conda
packages:
- conda: https://conda.anaconda.org/conda-forge/win-64/bzip2-1.0.8-h2466b09_7.conda
  sha256: 35a5dad92e88fdd7fc405e864ec239486f4f31eec229e31686e61a140a8e573b
  md5: 276e7ffe9ffe39688abc665ef0f45596
  depends:
  - ucrt >=10.0.20348.0
  - vc >=14.2,<15
  - vc14_runtime >=14.29.30139
  license: bzip2-1.0.6
  license_family: BSD
  size: 54927
  timestamp: 1720974860185
- conda: https://conda.anaconda.org/conda-forge/noarch/ca-certificates-2025.7.9-h4c7d964_0.conda
  sha256: 35c83fc1cab4b9aedba317ba617e37fee20e5ed1cf7135d8eba6f4d8cdf9c4b3
  md5: c7a9b2d28779665c251e6a4db1f8cd23
  depends:
  - __win
  license: ISC
  size: 152706
  timestamp: 1752037404993
- conda: https://conda.anaconda.org/conda-forge/win-64/cairo-1.18.4-h5782bbf_0.conda
  sha256: b9f577bddb033dba4533e851853924bfe7b7c1623d0697df382eef177308a917
  md5: 20e32ced54300292aff690a69c5e7b97
  depends:
  - fontconfig >=2.15.0,<3.0a0
  - fonts-conda-ecosystem
  - freetype >=2.12.1,<3.0a0
  - icu >=75.1,<76.0a0
  - libexpat >=2.6.4,<3.0a0
  - libglib >=2.82.2,<3.0a0
  - libpng >=1.6.47,<1.7.0a0
  - libzlib >=1.3.1,<2.0a0
  - pixman >=0.44.2,<1.0a0
  - ucrt >=10.0.20348.0
  - vc >=14.2,<15
  - vc14_runtime >=14.29.30139
  license: LGPL-2.1-only or MPL-1.1
  size: 1524254
  timestamp: 1741555212198
- conda: https://conda.anaconda.org/conda-forge/win-64/cmake-3.31.6-hff78f93_0.conda
  sha256: 12fea0a0f8e0b6eaccdb919d3039e4f8da2889bdfee0941a4c160913105adc33
  md5: 9221eb014513c974692d81d0db4b486c
  depends:
  - bzip2 >=1.0.8,<2.0a0
  - libcurl >=8.12.1,<9.0a0
  - libexpat >=2.6.4,<3.0a0
  - liblzma >=5.6.4,<6.0a0
  - libuv >=1.50.0,<2.0a0
  - libzlib >=1.3.1,<2.0a0
  - ucrt >=10.0.20348.0
  - vc14_runtime >=14.29.30139
  - zstd >=1.5.7,<1.6.0a0
  license: BSD-3-Clause
  license_family: BSD
  size: 14271971
  timestamp: 1740468587344
- conda: https://conda.anaconda.org/conda-forge/win-64/cxx-compiler-1.10.0-h1c1089f_0.conda
  sha256: 123ef5fd4829b7c78d49df141bbdf6120fc63a17538b2209d56a6f4dc5eccf21
  md5: 1c4dad99c85e243e25828c6f12f28e0d
  depends:
  - vs2022_win-64
  license: BSD-3-Clause
  license_family: BSD
  size: 6987
  timestamp: 1751115642859
- conda: https://conda.anaconda.org/conda-forge/win-64/double-conversion-3.3.1-he0c23c2_0.conda
  sha256: b1fee32ef36a98159f0a2a96c4e734dfc9adff73acd444940831b22c1fb6d5c0
  md5: e9a1402439c18a4e3c7a52e4246e9e1c
  depends:
  - ucrt >=10.0.20348.0
  - vc >=14.2,<15
  - vc14_runtime >=14.29.30139
  license: BSD-3-Clause
  license_family: BSD
  size: 71355
  timestamp: 1739570178995
- conda: https://conda.anaconda.org/conda-forge/noarch/font-ttf-dejavu-sans-mono-2.37-hab24e00_0.tar.bz2
  sha256: 58d7f40d2940dd0a8aa28651239adbf5613254df0f75789919c4e6762054403b
  md5: 0c96522c6bdaed4b1566d11387caaf45
  license: BSD-3-Clause
  license_family: BSD
  size: 397370
  timestamp: 1566932522327
- conda: https://conda.anaconda.org/conda-forge/noarch/font-ttf-inconsolata-3.000-h77eed37_0.tar.bz2
  sha256: c52a29fdac682c20d252facc50f01e7c2e7ceac52aa9817aaf0bb83f7559ec5c
  md5: 34893075a5c9e55cdafac56607368fc6
  license: OFL-1.1
  license_family: Other
  size: 96530
  timestamp: 1620479909603
- conda: https://conda.anaconda.org/conda-forge/noarch/font-ttf-source-code-pro-2.038-h77eed37_0.tar.bz2
  sha256: 00925c8c055a2275614b4d983e1df637245e19058d79fc7dd1a93b8d9fb4b139
  md5: 4d59c254e01d9cde7957100457e2d5fb
  license: OFL-1.1
  license_family: Other
  size: 700814
  timestamp: 1620479612257
- conda: https://conda.anaconda.org/conda-forge/noarch/font-ttf-ubuntu-0.83-h77eed37_3.conda
  sha256: 2821ec1dc454bd8b9a31d0ed22a7ce22422c0aef163c59f49dfdf915d0f0ca14
  md5: 49023d73832ef61042f6a237cb2687e7
  license: LicenseRef-Ubuntu-Font-Licence-Version-1.0
  license_family: Other
  size: 1620504
  timestamp: 1727511233259
- conda: https://conda.anaconda.org/conda-forge/win-64/fontconfig-2.15.0-h765892d_1.conda
  sha256: ed122fc858fb95768ca9ca77e73c8d9ddc21d4b2e13aaab5281e27593e840691
  md5: 9bb0026a2131b09404c59c4290c697cd
  depends:
  - freetype >=2.12.1,<3.0a0
  - libexpat >=2.6.3,<3.0a0
  - libiconv >=1.17,<2.0a0
  - libzlib >=1.3.1,<2.0a0
  - ucrt >=10.0.20348.0
  - vc >=14.2,<15
  - vc14_runtime >=14.29.30139
  license: MIT
  license_family: MIT
  size: 192355
  timestamp: 1730284147944
- conda: https://conda.anaconda.org/conda-forge/noarch/fonts-conda-ecosystem-1-0.tar.bz2
  sha256: a997f2f1921bb9c9d76e6fa2f6b408b7fa549edd349a77639c9fe7a23ea93e61
  md5: fee5683a3f04bd15cbd8318b096a27ab
  depends:
  - fonts-conda-forge
  license: BSD-3-Clause
  license_family: BSD
  size: 3667
  timestamp: 1566974674465
- conda: https://conda.anaconda.org/conda-forge/noarch/fonts-conda-forge-1-0.tar.bz2
  sha256: 53f23a3319466053818540bcdf2091f253cbdbab1e0e9ae7b9e509dcaa2a5e38
  md5: f766549260d6815b0c52253f1fb1bb29
  depends:
  - font-ttf-dejavu-sans-mono
  - font-ttf-inconsolata
  - font-ttf-source-code-pro
  - font-ttf-ubuntu
  license: BSD-3-Clause
  license_family: BSD
  size: 4102
  timestamp: 1566932280397
- conda: https://conda.anaconda.org/conda-forge/win-64/freetype-2.13.3-h57928b3_1.conda
  sha256: 0bcc9c868d769247c12324f957c97c4dbee7e4095485db90d9c295bcb3b1bb43
  md5: 633504fe3f96031192e40e3e6c18ef06
  depends:
  - libfreetype 2.13.3 h57928b3_1
  - libfreetype6 2.13.3 h0b5ce68_1
  license: GPL-2.0-only OR FTL
  size: 184162
  timestamp: 1745370242683
- conda: https://conda.anaconda.org/conda-forge/win-64/graphite2-1.3.14-he0c23c2_0.conda
  sha256: bcbcece7719f2a14ede6bfead8f5fdbb65ed102d47769c817b375e4e9d43be39
  md5: 692bc31c646f7e221af07ccc924e1ae4
  depends:
  - ucrt >=10.0.20348.0
  - vc >=14.2,<15
  - vc14_runtime >=14.29.30139
  license: LGPL-2.0-or-later
  license_family: LGPL
  size: 95862
  timestamp: 1750080330012
- conda: https://conda.anaconda.org/conda-forge/win-64/harfbuzz-11.2.1-h8796e6f_0.conda
  sha256: 26e09e2b43d498523c08c58ea485c883478b74e2fb664c0321089e5c10318d32
  md5: bccea58fbf7910ce868b084f27ffe8bd
  depends:
  - cairo >=1.18.4,<2.0a0
  - freetype
  - graphite2
  - icu >=75.1,<76.0a0
  - libexpat >=2.7.0,<3.0a0
  - libfreetype >=2.13.3
  - libfreetype6 >=2.13.3
  - libglib >=2.84.1,<3.0a0
  - libzlib >=1.3.1,<2.0a0
  - ucrt >=10.0.20348.0
  - vc >=14.2,<15
  - vc14_runtime >=14.29.30139
  license: MIT
  license_family: MIT
  size: 1126103
  timestamp: 1747093237683
- conda: https://conda.anaconda.org/conda-forge/win-64/icu-75.1-he0c23c2_0.conda
  sha256: 1d04369a1860a1e9e371b9fc82dd0092b616adcf057d6c88371856669280e920
  md5: 8579b6bb8d18be7c0b27fb08adeeeb40
  depends:
  - ucrt >=10.0.20348.0
  - vc >=14.2,<15
  - vc14_runtime >=14.29.30139
  license: MIT
  license_family: MIT
  size: 14544252
  timestamp: 1720853966338
- conda: https://conda.anaconda.org/conda-forge/win-64/krb5-1.21.3-hdf4eb48_0.conda
  sha256: 18e8b3430d7d232dad132f574268f56b3eb1a19431d6d5de8c53c29e6c18fa81
  md5: 31aec030344e962fbd7dbbbbd68e60a9
  depends:
  - openssl >=3.3.1,<4.0a0
  - ucrt >=10.0.20348.0
  - vc >=14.2,<15
  - vc14_runtime >=14.29.30139
  license: MIT
  license_family: MIT
  size: 712034
  timestamp: 1719463874284
- conda: https://conda.anaconda.org/conda-forge/win-64/lerc-4.0.0-h6470a55_1.conda
  sha256: 868a3dff758cc676fa1286d3f36c3e0101cca56730f7be531ab84dc91ec58e9d
  md5: c1b81da6d29a14b542da14a36c9fbf3f
  depends:
  - ucrt >=10.0.20348.0
  - vc >=14.2,<15
  - vc14_runtime >=14.29.30139
  license: Apache-2.0
  license_family: Apache
  size: 164701
  timestamp: 1745264384716
- conda: https://conda.anaconda.org/conda-forge/win-64/libclang13-20.1.8-default_hadf22e1_0.conda
  sha256: b11a844f4d88f7785050b71ef1f70613100b518c02f23ec6401904a09820d8bf
  md5: cf1a9a4c7395c5d6cc0dcf8f7c40acb3
  depends:
  - libzlib >=1.3.1,<2.0a0
  - ucrt >=10.0.20348.0
  - vc >=14.3,<15
  - vc14_runtime >=14.44.35208
  - zstd >=1.5.7,<1.6.0a0
  license: Apache-2.0 WITH LLVM-exception
  license_family: Apache
  size: 28306754
  timestamp: 1752232456043
- conda: https://conda.anaconda.org/conda-forge/win-64/libcurl-8.14.1-h88aaa65_0.conda
  sha256: b2cface2cf35d8522289df7fffc14370596db6f6dc481cc1b6ca313faeac19d8
  md5: 836b9c08f34d2017dbcaec907c6a1138
  depends:
  - krb5 >=1.21.3,<1.22.0a0
  - libssh2 >=1.11.1,<2.0a0
  - libzlib >=1.3.1,<2.0a0
  - ucrt >=10.0.20348.0
  - vc >=14.2,<15
  - vc14_runtime >=14.29.30139
  license: curl
  license_family: MIT
  size: 368346
  timestamp: 1749033492826
- conda: https://conda.anaconda.org/conda-forge/win-64/libdeflate-1.24-h76ddb4d_0.conda
  sha256: 65347475c0009078887ede77efe60db679ea06f2b56f7853b9310787fe5ad035
  md5: 08d988e266c6ae77e03d164b83786dc4
  depends:
  - ucrt >=10.0.20348.0
  - vc >=14.2,<15
  - vc14_runtime >=14.29.30139
  license: MIT
  license_family: MIT
  size: 156292
  timestamp: 1747040812624
- conda: https://conda.anaconda.org/conda-forge/win-64/libexpat-2.7.0-he0c23c2_0.conda
  sha256: 1a227c094a4e06bd54e8c2f3ec40c17ff99dcf3037d812294f842210aa66dbeb
  md5: b6f5352fdb525662f4169a0431d2dd7a
  depends:
  - ucrt >=10.0.20348.0
  - vc >=14.2,<15
  - vc14_runtime >=14.29.30139
  constrains:
  - expat 2.7.0.*
  license: MIT
  license_family: MIT
  size: 140896
  timestamp: 1743432122520
- conda: https://conda.anaconda.org/conda-forge/win-64/libffi-3.4.6-h537db12_1.conda
  sha256: d3b0b8812eab553d3464bbd68204f007f1ebadf96ce30eb0cbc5159f72e353f5
  md5: 85d8fa5e55ed8f93f874b3b23ed54ec6
  depends:
  - ucrt >=10.0.20348.0
  - vc >=14.2,<15
  - vc14_runtime >=14.29.30139
  license: MIT
  license_family: MIT
  size: 44978
  timestamp: 1743435053850
- conda: https://conda.anaconda.org/conda-forge/win-64/libfreetype-2.13.3-h57928b3_1.conda
  sha256: e5bc7d0a8d11b7b234da4fcd9d78f297f7dec3fec8bd06108fd3ac7b2722e32e
  md5: 410ba2c8e7bdb278dfbb5d40220e39d2
  depends:
  - libfreetype6 >=2.13.3
  license: GPL-2.0-only OR FTL
  size: 8159
  timestamp: 1745370227235
- conda: https://conda.anaconda.org/conda-forge/win-64/libfreetype6-2.13.3-h0b5ce68_1.conda
  sha256: 61308653e7758ff36f80a60d598054168a1389ddfbac46d7864c415fafe18e69
  md5: a84b7d1a13060a9372bea961a8131dbc
  depends:
  - libpng >=1.6.47,<1.7.0a0
  - libzlib >=1.3.1,<2.0a0
  - ucrt >=10.0.20348.0
  - vc >=14.2,<15
  - vc14_runtime >=14.29.30139
  constrains:
  - freetype >=2.13.3
  license: GPL-2.0-only OR FTL
  size: 337007
  timestamp: 1745370226578
- conda: https://conda.anaconda.org/conda-forge/win-64/libglib-2.84.2-hbc94333_0.conda
  sha256: 457e297389609ff6886fef88ae7f1f6ea4f4f3febea7dd690662a50983967d6d
  md5: fee05801cc5db97bec20a5e78fb3905b
  depends:
  - libffi >=3.4.6,<3.5.0a0
  - libiconv >=1.18,<2.0a0
  - libintl >=0.22.5,<1.0a0
  - libzlib >=1.3.1,<2.0a0
  - pcre2 >=10.45,<10.46.0a0
  - ucrt >=10.0.20348.0
  - vc >=14.2,<15
  - vc14_runtime >=14.29.30139
  constrains:
  - glib 2.84.2 *_0
  license: LGPL-2.1-or-later
  size: 3771466
  timestamp: 1747837394297
- conda: https://conda.anaconda.org/conda-forge/win-64/libiconv-1.18-h135ad9c_1.conda
  sha256: ea5ed2b362b6dbc4ba7188eb4eaf576146e3dfc6f4395e9f0db76ad77465f786
  md5: 21fc5dba2cbcd8e5e26ff976a312122c
  depends:
  - ucrt >=10.0.20348.0
  - vc >=14.2,<15
  - vc14_runtime >=14.29.30139
  license: LGPL-2.1-only
  size: 638142
  timestamp: 1740128665984
- conda: https://conda.anaconda.org/conda-forge/win-64/libintl-0.22.5-h5728263_3.conda
  sha256: c7e4600f28bcada8ea81456a6530c2329312519efcf0c886030ada38976b0511
  md5: 2cf0cf76cc15d360dfa2f17fd6cf9772
  depends:
  - libiconv >=1.17,<2.0a0
  license: LGPL-2.1-or-later
  size: 95568
  timestamp: 1723629479451
- conda: https://conda.anaconda.org/conda-forge/win-64/libjpeg-turbo-3.1.0-h2466b09_0.conda
  sha256: e61b0adef3028b51251124e43eb6edf724c67c0f6736f1628b02511480ac354e
  md5: 7c51d27540389de84852daa1cdb9c63c
  depends:
  - ucrt >=10.0.20348.0
  - vc >=14.2,<15
  - vc14_runtime >=14.29.30139
  constrains:
  - jpeg <0.0.0a
  license: IJG AND BSD-3-Clause AND Zlib
  size: 838154
  timestamp: 1745268437136
- conda: https://conda.anaconda.org/conda-forge/win-64/liblzma-5.8.1-h2466b09_2.conda
  sha256: 55764956eb9179b98de7cc0e55696f2eff8f7b83fc3ebff5e696ca358bca28cc
  md5: c15148b2e18da456f5108ccb5e411446
  depends:
  - ucrt >=10.0.20348.0
  - vc >=14.2,<15
  - vc14_runtime >=14.29.30139
  constrains:
  - xz 5.8.1.*
  license: 0BSD
  size: 104935
  timestamp: 1749230611612
- conda: https://conda.anaconda.org/conda-forge/win-64/libpng-1.6.50-h95bef1e_0.conda
  sha256: 17f3bfb6d852eec200f68a4cfb4ef1d8950b73dfa48931408e3dbdfc89a4848a
  md5: 2e63db2e13cd6a5e2c08f771253fb8a0
  depends:
  - libzlib >=1.3.1,<2.0a0
  - ucrt >=10.0.20348.0
  - vc >=14.3,<15
  - vc14_runtime >=14.44.35208
  license: zlib-acknowledgement
  size: 352422
  timestamp: 1751559786122
- conda: https://conda.anaconda.org/conda-forge/win-64/libsqlite-3.50.2-hf5d6505_2.conda
  sha256: f12cdfe29c248d6a1c7d11b6fe1a3e0d0563206deb422ddb1b84b909818168d4
  md5: 58f810279ac6caec2d996a56236c3254
  depends:
  - ucrt >=10.0.20348.0
  - vc >=14.3,<15
  - vc14_runtime >=14.44.35208
  license: Unlicense
  size: 1288312
  timestamp: 1752072137328
- conda: https://conda.anaconda.org/conda-forge/win-64/libssh2-1.11.1-h9aa295b_0.conda
  sha256: cbdf93898f2e27cefca5f3fe46519335d1fab25c4ea2a11b11502ff63e602c09
  md5: 9dce2f112bfd3400f4f432b3d0ac07b2
  depends:
  - libzlib >=1.3.1,<2.0a0
  - openssl >=3.5.0,<4.0a0
  - ucrt >=10.0.20348.0
  - vc >=14.2,<15
  - vc14_runtime >=14.29.30139
  license: BSD-3-Clause
  license_family: BSD
  size: 292785
  timestamp: 1745608759342
- conda: https://conda.anaconda.org/conda-forge/win-64/libtiff-4.7.0-h05922d8_5.conda
  sha256: 1bb0b2e7d076fecc2f8147336bc22e7e6f9a4e0505e0e4ab2be1f56023a4a458
  md5: 75370aba951b47ec3b5bfe689f1bcf7f
  depends:
  - lerc >=4.0.0,<5.0a0
  - libdeflate >=1.24,<1.25.0a0
  - libjpeg-turbo >=3.1.0,<4.0a0
  - liblzma >=5.8.1,<6.0a0
  - libzlib >=1.3.1,<2.0a0
  - ucrt >=10.0.20348.0
  - vc >=14.2,<15
  - vc14_runtime >=14.29.30139
  - zstd >=1.5.7,<1.6.0a0
  license: HPND
  size: 979074
  timestamp: 1747067408877
- conda: https://conda.anaconda.org/conda-forge/win-64/libuv-1.51.0-h2466b09_0.conda
  sha256: b03ca3d0cfbf8b3911757411a10fbbaa7edae62bb81972ae44360e7ac347aac2
  md5: 9756651456477241b0226fb0ee051c58
  depends:
  - ucrt >=10.0.20348.0
  - vc >=14.2,<15
  - vc14_runtime >=14.29.30139
  license: MIT
  license_family: MIT
  size: 293576
  timestamp: 1748305181284
- conda: https://conda.anaconda.org/conda-forge/win-64/libwebp-base-1.6.0-h4d5522a_0.conda
  sha256: 7b6316abfea1007e100922760e9b8c820d6fc19df3f42fb5aca684cfacb31843
  md5: f9bbae5e2537e3b06e0f7310ba76c893
  depends:
  - ucrt >=10.0.20348.0
  - vc >=14.3,<15
  - vc14_runtime >=14.44.35208
  constrains:
  - libwebp 1.6.0
  license: BSD-3-Clause
  size: 279176
  timestamp: 1752159543911
- conda: https://conda.anaconda.org/conda-forge/win-64/libzlib-1.3.1-h2466b09_2.conda
  sha256: ba945c6493449bed0e6e29883c4943817f7c79cbff52b83360f7b341277c6402
  md5: 41fbfac52c601159df6c01f875de31b9
  depends:
  - ucrt >=10.0.20348.0
  - vc >=14.2,<15
  - vc14_runtime >=14.29.30139
  constrains:
  - zlib 1.3.1 *_2
  license: Zlib
  license_family: Other
  size: 55476
  timestamp: 1727963768015
- conda: https://conda.anaconda.org/conda-forge/win-64/ninja-1.13.1-h477610d_0.conda
  sha256: c5d1da3a21e1749286dba462e05be817bfb9ff50597e6f13645c98138a50cd56
  md5: b8a603d4b32e113e3551b257b677de67
  depends:
  - vc >=14.3,<15
  - vc14_runtime >=14.44.35208
  - ucrt >=10.0.20348.0
  - vc >=14.3,<15
  - vc14_runtime >=14.44.35208
  - ucrt >=10.0.20348.0
  license: Apache-2.0
  size: 309517
  timestamp: 1752218329097
- conda: https://conda.anaconda.org/conda-forge/win-64/openssl-3.5.1-h725018a_0.conda
  sha256: 2b2eb73b0661ff1aed55576a3d38614852b5d857c2fa9205ac115820c523306c
  md5: d124fc2fd7070177b5e2450627f8fc1a
  depends:
  - ca-certificates
  - ucrt >=10.0.20348.0
  - vc >=14.3,<15
  - vc14_runtime >=14.44.35208
  license: Apache-2.0
  license_family: Apache
  size: 9327033
  timestamp: 1751392489008
- conda: https://conda.anaconda.org/conda-forge/win-64/pcre2-10.45-h99c9b8b_0.conda
  sha256: 165d6f76e7849615cfa5fe5f0209b90103102db17a7b4632f933fa9c0e8d8bfe
  md5: f4c483274001678e129f5cbaf3a8d765
  depends:
  - bzip2 >=1.0.8,<2.0a0
  - libzlib >=1.3.1,<2.0a0
  - ucrt >=10.0.20348.0
  - vc >=14.2,<15
  - vc14_runtime >=14.29.30139
  license: BSD-3-Clause
  license_family: BSD
  size: 1040584
  timestamp: 1745955875845
- conda: https://conda.anaconda.org/conda-forge/win-64/pixman-0.46.2-had0cd8c_0.conda
  sha256: d7d1f1052f15601406883f17ec149abf5e99262782ef536a415a41add060596e
  md5: 2566a45fb15e2f540eff14261f1242af
  depends:
  - ucrt >=10.0.20348.0
  - vc >=14.2,<15
  - vc14_runtime >=14.29.30139
  license: MIT
  license_family: MIT
  size: 476515
  timestamp: 1749553103224
- conda: https://conda.anaconda.org/conda-forge/win-64/qt6-main-6.9.1-h02ddd7d_1.conda
  sha256: cd7a9a3972c0f1114294c9f84463838d645c6f596cbcfefef03b4ee229d88d43
  md5: fc796cf6c16db38d44c2efefbe6afcea
  depends:
  - double-conversion >=3.3.1,<3.4.0a0
  - harfbuzz >=11.0.1
  - icu >=75.1,<76.0a0
  - krb5 >=1.21.3,<1.22.0a0
  - libclang13 >=20.1.7
  - libglib >=2.84.2,<3.0a0
  - libjpeg-turbo >=3.1.0,<4.0a0
  - libpng >=1.6.49,<1.7.0a0
  - libsqlite >=3.50.1,<4.0a0
  - libtiff >=4.7.0,<4.8.0a0
  - libwebp-base >=1.5.0,<2.0a0
  - libzlib >=1.3.1,<2.0a0
  - openssl >=3.5.0,<4.0a0
  - pcre2 >=10.45,<10.46.0a0
  - ucrt >=10.0.20348.0
  - vc >=14.3,<15
  - vc14_runtime >=14.44.35208
  - zstd >=1.5.7,<1.6.0a0
  constrains:
  - qt 6.9.1
  license: LGPL-3.0-only
  license_family: LGPL
  size: 91608911
  timestamp: 1750922811982
- conda: https://conda.anaconda.org/conda-forge/win-64/ucrt-10.0.22621.0-h57928b3_1.conda
  sha256: db8dead3dd30fb1a032737554ce91e2819b43496a0db09927edf01c32b577450
  md5: 6797b005cd0f439c4c5c9ac565783700
  constrains:
  - vs2015_runtime >=14.29.30037
  license: LicenseRef-MicrosoftWindowsSDK10
  size: 559710
  timestamp: 1728377334097
- conda: https://conda.anaconda.org/conda-forge/win-64/vc-14.3-h41ae7f8_26.conda
  sha256: b388d88e04aa0257df4c1d28f8d85d985ad07c1e5645aa62335673c98704c4c6
  md5: 18b6bf6f878501547786f7bf8052a34d
  depends:
  - vc14_runtime >=14.44.35208
  track_features:
  - vc14
  license: BSD-3-Clause
  license_family: BSD
  size: 17914
  timestamp: 1750371462857
- conda: https://conda.anaconda.org/conda-forge/win-64/vc14_runtime-14.44.35208-h818238b_26.conda
  sha256: 7bad6e25a7c836d99011aee59dcf600b7f849a6fa5caa05a406255527e80a703
  md5: 14d65350d3f5c8ff163dc4f76d6e2830
  depends:
  - ucrt >=10.0.20348.0
  constrains:
  - vs2015_runtime 14.44.35208.* *_26
  license: LicenseRef-MicrosoftVisualCpp2015-2022Runtime
  license_family: Proprietary
  size: 756109
  timestamp: 1750371459116
- conda: https://conda.anaconda.org/conda-forge/win-64/vs2022_win-64-19.44.35207-ha74f236_26.conda
  sha256: 43c833a91c04bf53c85deff4bea505fa5173a79981909dc8116e7b6709bae39c
  md5: 3b88259844a981083c4efab022071768
  depends:
  - vswhere
  constrains:
  - vs_win-64 2022.14
  track_features:
  - vc14
  license: BSD-3-Clause
  license_family: BSD
  size: 20679
  timestamp: 1750371462464
- conda: https://conda.anaconda.org/conda-forge/noarch/vswhere-3.1.7-h40126e0_1.conda
  sha256: b72270395326dc56de9bd6ca82f63791b3c8c9e2b98e25242a9869a4ca821895
  md5: f622897afff347b715d046178ad745a5
  depends:
  - __win
  license: MIT
  license_family: MIT
  size: 238764
  timestamp: 1745560912727
- conda: https://conda.anaconda.org/conda-forge/win-64/zstd-1.5.7-hbeecb71_2.conda
  sha256: bc64864377d809b904e877a98d0584f43836c9f2ef27d3d2a1421fa6eae7ca04
  md5: 21f56217d6125fb30c3c3f10c786d751
  depends:
  - libzlib >=1.3.1,<2.0a0
  - ucrt >=10.0.20348.0
  - vc >=14.2,<15
  - vc14_runtime >=14.29.30139
  license: BSD-3-Clause
  license_family: BSD
  size: 354697
  timestamp: 1742433568506
